{
  "name": "forum",
  "version": "1.0.0",
  "lockfileVersion": 1,
  "requires": true,
  "dependencies": {
    "art-template": {
      "version": "4.13.2",
      "resolved": "http://registry.npm.taobao.org/art-template/download/art-template-4.13.2.tgz",
      "dependencies": {
        "acorn": {
          "version": "http://registry.npm.taobao.org/acorn/download/acorn-5.7.3.tgz",
          "bundled": true
        },
        "escodegen": {
          "version": "http://registry.npm.taobao.org/escodegen/download/escodegen-1.11.0.tgz",
          "bundled": true
        },
        "estraverse": {
          "version": "http://registry.npm.taobao.org/estraverse/download/estraverse-4.2.0.tgz",
          "bundled": true
        },
        "html-minifier": {
          "version": "http://registry.npm.taobao.org/html-minifier/download/html-minifier-3.5.21.tgz",
          "bundled": true
        },
        "is-keyword-js": {
          "version": "http://registry.npm.taobao.org/is-keyword-js/download/is-keyword-js-1.0.3.tgz",
          "bundled": true
        },
        "js-tokens": {
          "version": "http://registry.npm.taobao.org/js-tokens/download/js-tokens-3.0.2.tgz",
          "bundled": true
        },
        "merge-source-map": {
          "version": "http://registry.npm.taobao.org/merge-source-map/download/merge-source-map-1.1.0.tgz",
          "bundled": true
        },
        "source-map": {
          "version": "http://registry.npm.taobao.org/source-map/download/source-map-0.5.7.tgz",
          "bundled": true
        }
      }
    },
    "bootstrap": {
      "version": "3.3.7",
      "resolved": "http://registry.npm.taobao.org/bootstrap/download/bootstrap-3.3.7.tgz"
    },
    "express-art-template": {
      "version": "1.0.1",
      "resolved": "http://registry.npm.taobao.org/express-art-template/download/express-art-template-1.0.1.tgz"
    },
    "jquery": {
      "version": "3.3.1",
      "resolved": "http://registry.npm.taobao.org/jquery/download/jquery-3.3.1.tgz"
    }
  }
}
